<?xml version="1.0" encoding="utf-8"?>
<Project ToolsVersion="4.0" xmlns="http://schemas.microsoft.com/developer/msbuild/2003">
  <ItemGroup>
    <Filter Include="Generated Files">
      <UniqueIdentifier>{71ED8ED8-ACB9-4CE9-BBE1-E00B30144E11}</UniqueIdentifier>
      <Extensions>cpp;c;cxx;moc;h;def;odl;idl;res;</Extensions>
    </Filter>
    <Filter Include="Generated Files">
      <UniqueIdentifier>{71ED8ED8-ACB9-4CE9-BBE1-E00B30144E11}</UniqueIdentifier>
      <Extensions>cpp;c;cxx;moc;h;def;odl;idl;res;</Extensions>
    </Filter>
    <Filter Include="Header Files">
      <UniqueIdentifier>{93995380-89BD-4b04-88EB-625FBE52EBFB}</UniqueIdentifier>
      <Extensions>h;hpp;hxx;hm;inl;inc;xsd</Extensions>
    </Filter>
    <Filter Include="Header Files">
      <UniqueIdentifier>{93995380-89BD-4b04-88EB-625FBE52EBFB}</UniqueIdentifier>
      <Extensions>h;hpp;hxx;hm;inl;inc;xsd</Extensions>
    </Filter>
    <Filter Include="Source Files">
      <UniqueIdentifier>{4FC737F1-C7A5-4376-A066-2A32D752A2FF}</UniqueIdentifier>
      <Extensions>cpp;c;cxx;def;odl;idl;hpj;bat;asm;asmx</Extensions>
    </Filter>
    <Filter Include="Source Files">
      <UniqueIdentifier>{4FC737F1-C7A5-4376-A066-2A32D752A2FF}</UniqueIdentifier>
      <Extensions>cpp;c;cxx;def;odl;idl;hpj;bat;asm;asmx</Extensions>
    </Filter>
    <Filter Include="Generated Files\Debug">
      <UniqueIdentifier>{4f1e76ba-01cd-4846-beab-a55357c9083c}</UniqueIdentifier>
      <Extensions>cpp;moc</Extensions>
      <SourceControlFiles>False</SourceControlFiles>
    </Filter>
    <Filter Include="Generated Files\Release">
      <UniqueIdentifier>{998e4a17-abce-48a0-88db-5f119fad0a65}</UniqueIdentifier>
      <Extensions>cpp;moc</Extensions>
      <SourceControlFiles>False</SourceControlFiles>
    </Filter>
  </ItemGroup>
  <ItemGroup>
    <ClCompile Include="Account.cpp">
      <Filter>Source Files</Filter>
    </ClCompile>
    <ClCompile Include="AccountManageWidget.cpp">
      <Filter>Source Files</Filter>
    </ClCompile>
    <ClCompile Include="AccountManager.cpp">
      <Filter>Source Files</Filter>
    </ClCompile>
    <ClCompile Include="AccountResouceManager.cpp">
      <Filter>Source Files</Filter>
    </ClCompile>
    <ClCompile Include="AccountTrackWidget.cpp">
      <Filter>Source Files</Filter>
    </ClCompile>
    <ClCompile Include="AccountTracker.cpp">
      <Filter>Source Files</Filter>
    </ClCompile>
    <ClCompile Include="AccountTrackerData.cpp">
      <Filter>Source Files</Filter>
    </ClCompile>
    <ClCompile Include="AccountTrackerEventProcessor.cpp">
      <Filter>Source Files</Filter>
    </ClCompile>
    <ClCompile Include="AccountTrackerPosition.cpp">
      <Filter>Source Files</Filter>
    </ClCompile>
    <ClCompile Include="AccountTrackerSetting.cpp">
      <Filter>Source Files</Filter>
    </ClCompile>
    <ClCompile Include="AccountTrackerTradeProcessor.cpp">
      <Filter>Source Files</Filter>
    </ClCompile>
    <ClCompile Include="AccountTradeInfo.cpp">
      <Filter>Source Files</Filter>
    </ClCompile>
    <ClCompile Include="Broker.cpp">
      <Filter>Source Files</Filter>
    </ClCompile>
    <ClCompile Include="BrokerManager.cpp">
      <Filter>Source Files</Filter>
    </ClCompile>
    <ClCompile Include="CTPAccountInfoQuerier.cpp">
      <Filter>Source Files</Filter>
    </ClCompile>
    <ClCompile Include="CTPMarketDataSubscriber.cpp">
      <Filter>Source Files</Filter>
    </ClCompile>
    <ClCompile Include="CTPOrderProcessor.cpp">
      <Filter>Source Files</Filter>
    </ClCompile>
    <ClCompile Include="CTPOrderSubscriber.cpp">
      <Filter>Source Files</Filter>
    </ClCompile>
    <ClCompile Include="CTPPlatform.cpp">
      <Filter>Source Files</Filter>
    </ClCompile>
    <ClCompile Include="DatabaseManager.cpp">
      <Filter>Source Files</Filter>
    </ClCompile>
    <ClCompile Include="Instrument.cpp">
      <Filter>Source Files</Filter>
    </ClCompile>
    <ClCompile Include="LoginWidget.cpp">
      <Filter>Source Files</Filter>
    </ClCompile>
    <ClCompile Include="MainWidget.cpp">
      <Filter>Source Files</Filter>
    </ClCompile>
    <ClCompile Include="MarketData.cpp">
      <Filter>Source Files</Filter>
    </ClCompile>
    <ClCompile Include="MarketDataListener.cpp">
      <Filter>Source Files</Filter>
    </ClCompile>
    <ClCompile Include="MarketDataSubscriber.cpp">
      <Filter>Source Files</Filter>
    </ClCompile>
    <ClCompile Include="Order.cpp">
      <Filter>Source Files</Filter>
    </ClCompile>
    <ClCompile Include="OrderOperator.cpp">
      <Filter>Source Files</Filter>
    </ClCompile>
    <ClCompile Include="OrderProcessor.cpp">
      <Filter>Source Files</Filter>
    </ClCompile>
    <ClCompile Include="OrderSubscriber.cpp">
      <Filter>Source Files</Filter>
    </ClCompile>
    <ClCompile Include="Platform.cpp">
      <Filter>Source Files</Filter>
    </ClCompile>
    <ClCompile Include="PlatformFactory.cpp">
      <Filter>Source Files</Filter>
    </ClCompile>
    <ClCompile Include="Position.cpp">
      <Filter>Source Files</Filter>
    </ClCompile>
    <ClCompile Include="PositionCost.cpp">
      <Filter>Source Files</Filter>
    </ClCompile>
    <ClCompile Include="TradeService.cpp">
      <Filter>Source Files</Filter>
    </ClCompile>
    <ClCompile Include="Transaction.cpp">
      <Filter>Source Files</Filter>
    </ClCompile>
    <ClCompile Include="main.cpp">
      <Filter>Source Files</Filter>
    </ClCompile>
    <ClCompile Include="Debug\moc_AccountManageWidget.cpp">
      <Filter>Generated Files\Debug</Filter>
    </ClCompile>
    <ClCompile Include="Release\moc_AccountManageWidget.cpp">
      <Filter>Generated Files\Release</Filter>
    </ClCompile>
    <ClCompile Include="Debug\moc_AccountTracker.cpp">
      <Filter>Generated Files\Debug</Filter>
    </ClCompile>
    <ClCompile Include="Release\moc_AccountTracker.cpp">
      <Filter>Generated Files\Release</Filter>
    </ClCompile>
    <ClCompile Include="Debug\moc_AccountTrackerWidget.cpp">
      <Filter>Generated Files\Debug</Filter>
    </ClCompile>
    <ClCompile Include="Release\moc_AccountTrackerWidget.cpp">
      <Filter>Generated Files\Release</Filter>
    </ClCompile>
    <ClCompile Include="Debug\moc_LoginWidget.cpp">
      <Filter>Generated Files\Debug</Filter>
    </ClCompile>
    <ClCompile Include="Release\moc_LoginWidget.cpp">
      <Filter>Generated Files\Release</Filter>
    </ClCompile>
    <ClCompile Include="Debug\moc_MainWidget.cpp">
      <Filter>Generated Files\Debug</Filter>
    </ClCompile>
    <ClCompile Include="Release\moc_MainWidget.cpp">
      <Filter>Generated Files\Release</Filter>
    </ClCompile>
    <ClCompile Include="Debug\moc_MarketDataSubscriber.cpp">
      <Filter>Generated Files\Debug</Filter>
    </ClCompile>
    <ClCompile Include="Release\moc_MarketDataSubscriber.cpp">
      <Filter>Generated Files\Release</Filter>
    </ClCompile>
  </ItemGroup>
  <ItemGroup>
    <ClInclude Include="Account.h">
      <Filter>Header Files</Filter>
    </ClInclude>
    <CustomBuild Include="AccountManageWidget.h">
      <Filter>Header Files</Filter>
    </CustomBuild>
    <ClInclude Include="AccountManager.h">
      <Filter>Header Files</Filter>
    </ClInclude>
    <ClInclude Include="AccountPersister.h">
      <Filter>Header Files</Filter>
    </ClInclude>
    <ClInclude Include="AccountResourceManager.h">
      <Filter>Header Files</Filter>
    </ClInclude>
    <CustomBuild Include="AccountTracker.h">
      <Filter>Header Files</Filter>
    </CustomBuild>
    <ClInclude Include="AccountTrackerData.h">
      <Filter>Header Files</Filter>
    </ClInclude>
    <ClInclude Include="AccountTrackerEventProcessor.h">
      <Filter>Header Files</Filter>
    </ClInclude>
    <ClInclude Include="AccountTrackerPosition.h">
      <Filter>Header Files</Filter>
    </ClInclude>
    <ClInclude Include="AccountTrackerPositionPersister.h">
      <Filter>Header Files</Filter>
    </ClInclude>
    <ClInclude Include="AccountTrackerSetting.h">
      <Filter>Header Files</Filter>
    </ClInclude>
    <ClInclude Include="AccountTrackerSettingPersister.h">
      <Filter>Header Files</Filter>
    </ClInclude>
    <ClInclude Include="AccountTrackerTradeProcessor.h">
      <Filter>Header Files</Filter>
    </ClInclude>
    <CustomBuild Include="AccountTrackerWidget.h">
      <Filter>Header Files</Filter>
    </CustomBuild>
    <ClInclude Include="AccountTradeInfo.h">
      <Filter>Header Files</Filter>
    </ClInclude>
    <ClInclude Include="Broker.h">
      <Filter>Header Files</Filter>
    </ClInclude>
    <ClInclude Include="BrokerManager.h">
      <Filter>Header Files</Filter>
    </ClInclude>
    <ClInclude Include="BrokerPersister.h">
      <Filter>Header Files</Filter>
    </ClInclude>
    <ClInclude Include="CTPAccountInfoQuerier.h">
      <Filter>Header Files</Filter>
    </ClInclude>
    <ClInclude Include="CTPMarketDataSubscriber.h">
      <Filter>Header Files</Filter>
    </ClInclude>
    <ClInclude Include="CTPOrderProcessor.h">
      <Filter>Header Files</Filter>
    </ClInclude>
    <ClInclude Include="CTPOrderSubscriber.h">
      <Filter>Header Files</Filter>
    </ClInclude>
    <ClInclude Include="CTPPlatform.h">
      <Filter>Header Files</Filter>
    </ClInclude>
    <ClInclude Include="DatabaseManager.h">
      <Filter>Header Files</Filter>
    </ClInclude>
    <ClInclude Include="Direction.h">
      <Filter>Header Files</Filter>
    </ClInclude>
    <ClInclude Include="HedgeFlag.h">
      <Filter>Header Files</Filter>
    </ClInclude>
    <ClInclude Include="Instrument.h">
      <Filter>Header Files</Filter>
    </ClInclude>
    <ClInclude Include="InstrumentPersister.h">
      <Filter>Header Files</Filter>
    </ClInclude>
    <CustomBuild Include="LoginWidget.h">
      <Filter>Header Files</Filter>
    </CustomBuild>
    <CustomBuild Include="MainWidget.h">
      <Filter>Header Files</Filter>
    </CustomBuild>
    <ClInclude Include="MarketData.h">
      <Filter>Header Files</Filter>
    </ClInclude>
    <ClInclude Include="MarketDataListener.h">
      <Filter>Header Files</Filter>
    </ClInclude>
    <CustomBuild Include="MarketDataSubscriber.h">
      <Filter>Header Files</Filter>
    </CustomBuild>
    <ClInclude Include="ObjectPersistManager.h">
      <Filter>Header Files</Filter>
    </ClInclude>
    <ClInclude Include="ObjectPersister.h">
      <Filter>Header Files</Filter>
    </ClInclude>
    <ClInclude Include="Operation.h">
      <Filter>Header Files</Filter>
    </ClInclude>
    <ClInclude Include="Order.h">
      <Filter>Header Files</Filter>
    </ClInclude>
    <ClInclude Include="OrderError.h">
      <Filter>Header Files</Filter>
    </ClInclude>
    <ClInclude Include="OrderListener.h">
      <Filter>Header Files</Filter>
    </ClInclude>
    <ClInclude Include="OrderOperator.h">
      <Filter>Header Files</Filter>
    </ClInclude>
    <ClInclude Include="OrderPersister.h">
      <Filter>Header Files</Filter>
    </ClInclude>
    <ClInclude Include="OrderProcessor.h">
      <Filter>Header Files</Filter>
    </ClInclude>
    <ClInclude Include="OrderStatus.h">
      <Filter>Header Files</Filter>
    </ClInclude>
    <ClInclude Include="OrderSubscriber.h">
      <Filter>Header Files</Filter>
    </ClInclude>
    <ClInclude Include="Platform.h">
      <Filter>Header Files</Filter>
    </ClInclude>
    <ClInclude Include="PlatformFactory.h">
      <Filter>Header Files</Filter>
    </ClInclude>
    <ClInclude Include="Position.h">
      <Filter>Header Files</Filter>
    </ClInclude>
    <ClInclude Include="PositionCost.h">
      <Filter>Header Files</Filter>
    </ClInclude>
    <ClInclude Include="PositionCostPersister.h">
      <Filter>Header Files</Filter>
    </ClInclude>
    <ClInclude Include="PositionPersister.h">
      <Filter>Header Files</Filter>
    </ClInclude>
    <ClInclude Include="PriceMode.h">
      <Filter>Header Files</Filter>
    </ClInclude>
    <ClInclude Include="TradeService.h">
      <Filter>Header Files</Filter>
    </ClInclude>
    <ClInclude Include="Transaction.h">
      <Filter>Header Files</Filter>
    </ClInclude>
    <ClInclude Include="TransactionPersister.h">
      <Filter>Header Files</Filter>
    </ClInclude>
  </ItemGroup>
</Project>